PODS:
  - Charts (3.5.0):
    - Charts/Core (= 3.5.0)
  - Charts/Core (3.5.0)
  - IKEventSource (3.0.1)

DEPENDENCIES:
  - Charts
  - IKEventSource

SPEC REPOS:
  trunk:
    - Charts
    - IKEventSource

SPEC CHECKSUMS:
  Charts: 40a08591df1f8ad5c223ddedfb1a06da92f24f7c
  IKEventSource: ababa323587c6b0c250dd54d4a48ab68fd845e8e

PODFILE CHECKSUM: 3d791e53cb1ac816836ec380630f76e98368e4ef

COCOAPODS: 1.9.1
