// !$*UTF8*$!
{
	archiveVersion = 1;
	classes = {
	};
	objectVersion = 51;
	objects = {

/* Begin PBXBuildFile section */
		393844E25A25DB06823343AE /* Pods_plantcare_mobile.framework in Frameworks */ = {isa = PBXBuildFile; fileRef = ACBCE0B1EFF0EB622C0BB74B /* Pods_plantcare_mobile.framework */; };
		4E86DDB976F9971CA9EF65C8 /* Pods_plantcare_mobileTests.framework in Frameworks */ = {isa = PBXBuildFile; fileRef = 268845DD97F05CB676077A0D /* Pods_plantcare_mobileTests.framework */; };
		A9004A9A2447359E00FD25A4 /* UIApplicationExtension.swift in Sources */ = {isa = PBXBuildFile; fileRef = A9004A992447359E00FD25A4 /* UIApplicationExtension.swift */; };
		A905997A2448736A006F2F09 /* MapView.swift in Sources */ = {isa = PBXBuildFile; fileRef = A90599792448736A006F2F09 /* MapView.swift */; };
		A925A57C244AE02200BD3E00 /* EditablePlantBoxView.swift in Sources */ = {isa = PBXBuildFile; fileRef = A925A57B244AE02200BD3E00 /* EditablePlantBoxView.swift */; };
		A925A57E244AE1A000BD3E00 /* UneditablePlantBoxView.swift in Sources */ = {isa = PBXBuildFile; fileRef = A925A57D244AE1A000BD3E00 /* UneditablePlantBoxView.swift */; };
		A9361A5A2445ABB300C39E3E /* ProfilePicture.swift in Sources */ = {isa = PBXBuildFile; fileRef = A9361A592445ABB300C39E3E /* ProfilePicture.swift */; };
		A9361A5E2445E09F00C39E3E /* ImagePicker.swift in Sources */ = {isa = PBXBuildFile; fileRef = A9361A5D2445E09F00C39E3E /* ImagePicker.swift */; };
		A957344A245AC69000062F82 /* LoginViewRouter.swift in Sources */ = {isa = PBXBuildFile; fileRef = A9573449245AC69000062F82 /* LoginViewRouter.swift */; };
		A957344D245B054600062F82 /* Shake.swift in Sources */ = {isa = PBXBuildFile; fileRef = A957344C245B054600062F82 /* Shake.swift */; };
		A957344F245B055300062F82 /* CustomActivityIndicator.swift in Sources */ = {isa = PBXBuildFile; fileRef = A957344E245B055300062F82 /* CustomActivityIndicator.swift */; };
		A98AD6F024458F0100FE0051 /* User.swift in Sources */ = {isa = PBXBuildFile; fileRef = A98AD6EF24458F0100FE0051 /* User.swift */; };
		A98AD6F22445912600FE0051 /* UserViewModel.swift in Sources */ = {isa = PBXBuildFile; fileRef = A98AD6F12445912600FE0051 /* UserViewModel.swift */; };
		A98AD6F42445A71700FE0051 /* EditableProfile.swift in Sources */ = {isa = PBXBuildFile; fileRef = A98AD6F32445A71700FE0051 /* EditableProfile.swift */; };
		A98AD6F62445A73A00FE0051 /* NonEditableProfile.swift in Sources */ = {isa = PBXBuildFile; fileRef = A98AD6F52445A73A00FE0051 /* NonEditableProfile.swift */; };
		A99467172450837C00F4506F /* SensorValue.swift in Sources */ = {isa = PBXBuildFile; fileRef = A99467162450837C00F4506F /* SensorValue.swift */; };
		A9A37A8D2446F4010057FDB2 /* PlantBox.swift in Sources */ = {isa = PBXBuildFile; fileRef = A9A37A8C2446F4010057FDB2 /* PlantBox.swift */; };
		A9A37A8F2446F4620057FDB2 /* Sensor.swift in Sources */ = {isa = PBXBuildFile; fileRef = A9A37A8E2446F4620057FDB2 /* Sensor.swift */; };
		A9A37A952446FAD30057FDB2 /* PlantBoxListViewModel.swift in Sources */ = {isa = PBXBuildFile; fileRef = A9A37A942446FAD30057FDB2 /* PlantBoxListViewModel.swift */; };
		A9A37A972446FC520057FDB2 /* PlantBoxViewModel.swift in Sources */ = {isa = PBXBuildFile; fileRef = A9A37A962446FC520057FDB2 /* PlantBoxViewModel.swift */; };
		A9A37A992447025E0057FDB2 /* PlantBoxCellView.swift in Sources */ = {isa = PBXBuildFile; fileRef = A9A37A982447025E0057FDB2 /* PlantBoxCellView.swift */; };
		A9A37A9B244709090057FDB2 /* PlantBoxDetailView.swift in Sources */ = {isa = PBXBuildFile; fileRef = A9A37A9A244709090057FDB2 /* PlantBoxDetailView.swift */; };
		A9AD83AA24541EC900A1442F /* SensorClientTest.swift in Sources */ = {isa = PBXBuildFile; fileRef = A9AD83A924541EC900A1442F /* SensorClientTest.swift */; };
		A9AD83AC245422E400A1442F /* SensorViewModel.swift in Sources */ = {isa = PBXBuildFile; fileRef = A9AD83AB245422E400A1442F /* SensorViewModel.swift */; };
		A9AD83AE2454614000A1442F /* MeasurementClient.swift in Sources */ = {isa = PBXBuildFile; fileRef = A9AD83AD2454614000A1442F /* MeasurementClient.swift */; };
		A9AD83B02454660C00A1442F /* AllMeasurementsView.swift in Sources */ = {isa = PBXBuildFile; fileRef = A9AD83AF2454660C00A1442F /* AllMeasurementsView.swift */; };
		A9AD83B4245467E600A1442F /* LatestDataSensorClient.swift in Sources */ = {isa = PBXBuildFile; fileRef = A9AD83B3245467E600A1442F /* LatestDataSensorClient.swift */; };
		A9AD83B62454826E00A1442F /* AllSensorValue.swift in Sources */ = {isa = PBXBuildFile; fileRef = A9AD83B52454826E00A1442F /* AllSensorValue.swift */; };
		A9B51B612449D6E400DB0B67 /* MeasurementView.swift in Sources */ = {isa = PBXBuildFile; fileRef = A9B51B602449D6E400DB0B67 /* MeasurementView.swift */; };
		A9C72E59245B0C00002B340D /* MockData.swift in Sources */ = {isa = PBXBuildFile; fileRef = A9C72E58245B0C00002B340D /* MockData.swift */; };
		A9C72E5B245BF74D002B340D /* SensorSelection.swift in Sources */ = {isa = PBXBuildFile; fileRef = A9C72E5A245BF74D002B340D /* SensorSelection.swift */; };
		A9CA20C424444CD300BA914C /* AppDelegate.swift in Sources */ = {isa = PBXBuildFile; fileRef = A9CA20C324444CD300BA914C /* AppDelegate.swift */; };
		A9CA20C624444CD300BA914C /* SceneDelegate.swift in Sources */ = {isa = PBXBuildFile; fileRef = A9CA20C524444CD300BA914C /* SceneDelegate.swift */; };
		A9CA20CA24444CD400BA914C /* Assets.xcassets in Resources */ = {isa = PBXBuildFile; fileRef = A9CA20C924444CD400BA914C /* Assets.xcassets */; };
		A9CA20CD24444CD400BA914C /* Preview Assets.xcassets in Resources */ = {isa = PBXBuildFile; fileRef = A9CA20CC24444CD400BA914C /* Preview Assets.xcassets */; };
		A9CA20D024444CD400BA914C /* LaunchScreen.storyboard in Resources */ = {isa = PBXBuildFile; fileRef = A9CA20CE24444CD400BA914C /* LaunchScreen.storyboard */; };
		A9CA20DB24444CD400BA914C /* plantcare_mobileTests.swift in Sources */ = {isa = PBXBuildFile; fileRef = A9CA20DA24444CD400BA914C /* plantcare_mobileTests.swift */; };
		A9CA20E8244450AC00BA914C /* MainTabView.swift in Sources */ = {isa = PBXBuildFile; fileRef = A9CA20E7244450AC00BA914C /* MainTabView.swift */; };
		A9CA20EC2444570E00BA914C /* PlantListView.swift in Sources */ = {isa = PBXBuildFile; fileRef = A9CA20EB2444570E00BA914C /* PlantListView.swift */; };
		A9CA20EE244457E500BA914C /* Plant.swift in Sources */ = {isa = PBXBuildFile; fileRef = A9CA20ED244457E500BA914C /* Plant.swift */; };
		A9CA20F024445D1D00BA914C /* PlantCellView.swift in Sources */ = {isa = PBXBuildFile; fileRef = A9CA20EF24445D1D00BA914C /* PlantCellView.swift */; };
		A9CA20F224445DED00BA914C /* PlantDetailView.swift in Sources */ = {isa = PBXBuildFile; fileRef = A9CA20F124445DED00BA914C /* PlantDetailView.swift */; };
		A9CA20F424445F6800BA914C /* CircleImage.swift in Sources */ = {isa = PBXBuildFile; fileRef = A9CA20F324445F6800BA914C /* CircleImage.swift */; };
		A9CA20F924449C0E00BA914C /* PlantBoxListView.swift in Sources */ = {isa = PBXBuildFile; fileRef = A9CA20F824449C0E00BA914C /* PlantBoxListView.swift */; };
		A9CA20FC2444B6FF00BA914C /* PlantListViewModel.swift in Sources */ = {isa = PBXBuildFile; fileRef = A9CA20FB2444B6FF00BA914C /* PlantListViewModel.swift */; };
		A9CA20FE2444B99F00BA914C /* PlantViewModel.swift in Sources */ = {isa = PBXBuildFile; fileRef = A9CA20FD2444B99F00BA914C /* PlantViewModel.swift */; };
		A9CA21012444BB1600BA914C /* ImageExtension.swift in Sources */ = {isa = PBXBuildFile; fileRef = A9CA21002444BB1600BA914C /* ImageExtension.swift */; };
		A9CA21032444C20D00BA914C /* ProfileView.swift in Sources */ = {isa = PBXBuildFile; fileRef = A9CA21022444C20D00BA914C /* ProfileView.swift */; };
		A9CA21052444C50700BA914C /* LoginView.swift in Sources */ = {isa = PBXBuildFile; fileRef = A9CA21042444C50700BA914C /* LoginView.swift */; };
		A9CA21072444C89C00BA914C /* SearchBar.swift in Sources */ = {isa = PBXBuildFile; fileRef = A9CA21062444C89C00BA914C /* SearchBar.swift */; };
		A9CA210A2444F42500BA914C /* ActivityIndicator.swift in Sources */ = {isa = PBXBuildFile; fileRef = A9CA21092444F42500BA914C /* ActivityIndicator.swift */; };
		A9D2693D2452BB7F00F169DF /* ReadClient.swift in Sources */ = {isa = PBXBuildFile; fileRef = A9D2693C2452BB7F00F169DF /* ReadClient.swift */; };
		A9D269412452C1BB00F169DF /* ReadWriteClient.swift in Sources */ = {isa = PBXBuildFile; fileRef = A9D269402452C1BB00F169DF /* ReadWriteClient.swift */; };
		A9D269432452C4B600F169DF /* PlantClient.swift in Sources */ = {isa = PBXBuildFile; fileRef = A9D269422452C4B600F169DF /* PlantClient.swift */; };
		A9D269452452C5B100F169DF /* UserClient.swift in Sources */ = {isa = PBXBuildFile; fileRef = A9D269442452C5B100F169DF /* UserClient.swift */; };
		A9D269472452C5EF00F169DF /* PlantBoxClient.swift in Sources */ = {isa = PBXBuildFile; fileRef = A9D269462452C5EF00F169DF /* PlantBoxClient.swift */; };
		A9D269492452C69400F169DF /* WebError.swift in Sources */ = {isa = PBXBuildFile; fileRef = A9D269482452C69400F169DF /* WebError.swift */; };
		A9D2694B2452C7AD00F169DF /* WebClient.swift in Sources */ = {isa = PBXBuildFile; fileRef = A9D2694A2452C7AD00F169DF /* WebClient.swift */; };
		A9D2694D2452DD6D00F169DF /* SensorClient.swift in Sources */ = {isa = PBXBuildFile; fileRef = A9D2694C2452DD6D00F169DF /* SensorClient.swift */; };
		A9F1DBD4244B42AF00CD015C /* AddPlantCellView.swift in Sources */ = {isa = PBXBuildFile; fileRef = A9F1DBD3244B42AF00CD015C /* AddPlantCellView.swift */; };
		A9F1DBD6244B67F700CD015C /* HalfModalView.swift in Sources */ = {isa = PBXBuildFile; fileRef = A9F1DBD5244B67F700CD015C /* HalfModalView.swift */; };
		A9F1DBD8244B77DE00CD015C /* ColorExtension.swift in Sources */ = {isa = PBXBuildFile; fileRef = A9F1DBD7244B77DE00CD015C /* ColorExtension.swift */; };
		A9F1DBDA244C1DE200CD015C /* TitledTextField.swift in Sources */ = {isa = PBXBuildFile; fileRef = A9F1DBD9244C1DE200CD015C /* TitledTextField.swift */; };
		A9FCE1782450618900EB1325 /* LineChart.swift in Sources */ = {isa = PBXBuildFile; fileRef = A9FCE1772450618900EB1325 /* LineChart.swift */; };
/* End PBXBuildFile section */

/* Begin PBXContainerItemProxy section */
		A9CA20D724444CD400BA914C /* PBXContainerItemProxy */ = {
			isa = PBXContainerItemProxy;
			containerPortal = A9CA20B824444CD300BA914C /* Project object */;
			proxyType = 1;
			remoteGlobalIDString = A9CA20BF24444CD300BA914C;
			remoteInfo = "plantcare-mobile";
		};
/* End PBXContainerItemProxy section */

/* Begin PBXFileReference section */
		011F95906B615EA2396A30CF /* Pods-plantcare-mobileTests.debug.xcconfig */ = {isa = PBXFileReference; includeInIndex = 1; lastKnownFileType = text.xcconfig; name = "Pods-plantcare-mobileTests.debug.xcconfig"; path = "Target Support Files/Pods-plantcare-mobileTests/Pods-plantcare-mobileTests.debug.xcconfig"; sourceTree = "<group>"; };
		0B66FAA20F087092F865C744 /* Pods-plantcare-mobile.release.xcconfig */ = {isa = PBXFileReference; includeInIndex = 1; lastKnownFileType = text.xcconfig; name = "Pods-plantcare-mobile.release.xcconfig"; path = "Target Support Files/Pods-plantcare-mobile/Pods-plantcare-mobile.release.xcconfig"; sourceTree = "<group>"; };
		268845DD97F05CB676077A0D /* Pods_plantcare_mobileTests.framework */ = {isa = PBXFileReference; explicitFileType = wrapper.framework; includeInIndex = 0; path = Pods_plantcare_mobileTests.framework; sourceTree = BUILT_PRODUCTS_DIR; };
		94F048CC2739ADA6804F087F /* Pods-plantcare-mobileTests.release.xcconfig */ = {isa = PBXFileReference; includeInIndex = 1; lastKnownFileType = text.xcconfig; name = "Pods-plantcare-mobileTests.release.xcconfig"; path = "Target Support Files/Pods-plantcare-mobileTests/Pods-plantcare-mobileTests.release.xcconfig"; sourceTree = "<group>"; };
		A9004A992447359E00FD25A4 /* UIApplicationExtension.swift */ = {isa = PBXFileReference; lastKnownFileType = sourcecode.swift; path = UIApplicationExtension.swift; sourceTree = "<group>"; };
		A90599792448736A006F2F09 /* MapView.swift */ = {isa = PBXFileReference; lastKnownFileType = sourcecode.swift; path = MapView.swift; sourceTree = "<group>"; };
		A925A57B244AE02200BD3E00 /* EditablePlantBoxView.swift */ = {isa = PBXFileReference; lastKnownFileType = sourcecode.swift; path = EditablePlantBoxView.swift; sourceTree = "<group>"; };
		A925A57D244AE1A000BD3E00 /* UneditablePlantBoxView.swift */ = {isa = PBXFileReference; lastKnownFileType = sourcecode.swift; path = UneditablePlantBoxView.swift; sourceTree = "<group>"; };
		A9361A592445ABB300C39E3E /* ProfilePicture.swift */ = {isa = PBXFileReference; lastKnownFileType = sourcecode.swift; path = ProfilePicture.swift; sourceTree = "<group>"; };
		A9361A5D2445E09F00C39E3E /* ImagePicker.swift */ = {isa = PBXFileReference; lastKnownFileType = sourcecode.swift; path = ImagePicker.swift; sourceTree = "<group>"; };
		A9573449245AC69000062F82 /* LoginViewRouter.swift */ = {isa = PBXFileReference; lastKnownFileType = sourcecode.swift; path = LoginViewRouter.swift; sourceTree = "<group>"; };
		A957344C245B054600062F82 /* Shake.swift */ = {isa = PBXFileReference; lastKnownFileType = sourcecode.swift; path = Shake.swift; sourceTree = "<group>"; };
		A957344E245B055300062F82 /* CustomActivityIndicator.swift */ = {isa = PBXFileReference; lastKnownFileType = sourcecode.swift; path = CustomActivityIndicator.swift; sourceTree = "<group>"; };
		A98AD6EF24458F0100FE0051 /* User.swift */ = {isa = PBXFileReference; lastKnownFileType = sourcecode.swift; path = User.swift; sourceTree = "<group>"; };
		A98AD6F12445912600FE0051 /* UserViewModel.swift */ = {isa = PBXFileReference; lastKnownFileType = sourcecode.swift; path = UserViewModel.swift; sourceTree = "<group>"; };
		A98AD6F32445A71700FE0051 /* EditableProfile.swift */ = {isa = PBXFileReference; lastKnownFileType = sourcecode.swift; path = EditableProfile.swift; sourceTree = "<group>"; };
		A98AD6F52445A73A00FE0051 /* NonEditableProfile.swift */ = {isa = PBXFileReference; lastKnownFileType = sourcecode.swift; path = NonEditableProfile.swift; sourceTree = "<group>"; };
		A99467162450837C00F4506F /* SensorValue.swift */ = {isa = PBXFileReference; lastKnownFileType = sourcecode.swift; path = SensorValue.swift; sourceTree = "<group>"; };
		A9A37A8C2446F4010057FDB2 /* PlantBox.swift */ = {isa = PBXFileReference; lastKnownFileType = sourcecode.swift; path = PlantBox.swift; sourceTree = "<group>"; };
		A9A37A8E2446F4620057FDB2 /* Sensor.swift */ = {isa = PBXFileReference; lastKnownFileType = sourcecode.swift; path = Sensor.swift; sourceTree = "<group>"; };
		A9A37A942446FAD30057FDB2 /* PlantBoxListViewModel.swift */ = {isa = PBXFileReference; lastKnownFileType = sourcecode.swift; path = PlantBoxListViewModel.swift; sourceTree = "<group>"; };
		A9A37A962446FC520057FDB2 /* PlantBoxViewModel.swift */ = {isa = PBXFileReference; lastKnownFileType = sourcecode.swift; path = PlantBoxViewModel.swift; sourceTree = "<group>"; };
		A9A37A982447025E0057FDB2 /* PlantBoxCellView.swift */ = {isa = PBXFileReference; lastKnownFileType = sourcecode.swift; path = PlantBoxCellView.swift; sourceTree = "<group>"; };
		A9A37A9A244709090057FDB2 /* PlantBoxDetailView.swift */ = {isa = PBXFileReference; lastKnownFileType = sourcecode.swift; path = PlantBoxDetailView.swift; sourceTree = "<group>"; };
		A9AD83A924541EC900A1442F /* SensorClientTest.swift */ = {isa = PBXFileReference; lastKnownFileType = sourcecode.swift; path = SensorClientTest.swift; sourceTree = "<group>"; };
		A9AD83AB245422E400A1442F /* SensorViewModel.swift */ = {isa = PBXFileReference; lastKnownFileType = sourcecode.swift; path = SensorViewModel.swift; sourceTree = "<group>"; };
		A9AD83AD2454614000A1442F /* MeasurementClient.swift */ = {isa = PBXFileReference; lastKnownFileType = sourcecode.swift; path = MeasurementClient.swift; sourceTree = "<group>"; };
		A9AD83AF2454660C00A1442F /* AllMeasurementsView.swift */ = {isa = PBXFileReference; lastKnownFileType = sourcecode.swift; path = AllMeasurementsView.swift; sourceTree = "<group>"; };
		A9AD83B3245467E600A1442F /* LatestDataSensorClient.swift */ = {isa = PBXFileReference; lastKnownFileType = sourcecode.swift; path = LatestDataSensorClient.swift; sourceTree = "<group>"; };
		A9AD83B52454826E00A1442F /* AllSensorValue.swift */ = {isa = PBXFileReference; lastKnownFileType = sourcecode.swift; path = AllSensorValue.swift; sourceTree = "<group>"; };
		A9B51B602449D6E400DB0B67 /* MeasurementView.swift */ = {isa = PBXFileReference; lastKnownFileType = sourcecode.swift; path = MeasurementView.swift; sourceTree = "<group>"; };
		A9C72E58245B0C00002B340D /* MockData.swift */ = {isa = PBXFileReference; lastKnownFileType = sourcecode.swift; path = MockData.swift; sourceTree = "<group>"; };
		A9C72E5A245BF74D002B340D /* SensorSelection.swift */ = {isa = PBXFileReference; lastKnownFileType = sourcecode.swift; path = SensorSelection.swift; sourceTree = "<group>"; };
		A9CA20C024444CD300BA914C /* plantcare-mobile.app */ = {isa = PBXFileReference; explicitFileType = wrapper.application; includeInIndex = 0; path = "plantcare-mobile.app"; sourceTree = BUILT_PRODUCTS_DIR; };
		A9CA20C324444CD300BA914C /* AppDelegate.swift */ = {isa = PBXFileReference; lastKnownFileType = sourcecode.swift; path = AppDelegate.swift; sourceTree = "<group>"; };
		A9CA20C524444CD300BA914C /* SceneDelegate.swift */ = {isa = PBXFileReference; lastKnownFileType = sourcecode.swift; path = SceneDelegate.swift; sourceTree = "<group>"; };
		A9CA20C924444CD400BA914C /* Assets.xcassets */ = {isa = PBXFileReference; lastKnownFileType = folder.assetcatalog; path = Assets.xcassets; sourceTree = "<group>"; };
		A9CA20CC24444CD400BA914C /* Preview Assets.xcassets */ = {isa = PBXFileReference; lastKnownFileType = folder.assetcatalog; path = "Preview Assets.xcassets"; sourceTree = "<group>"; };
		A9CA20CF24444CD400BA914C /* Base */ = {isa = PBXFileReference; lastKnownFileType = file.storyboard; name = Base; path = Base.lproj/LaunchScreen.storyboard; sourceTree = "<group>"; };
		A9CA20D124444CD400BA914C /* Info.plist */ = {isa = PBXFileReference; lastKnownFileType = text.plist.xml; path = Info.plist; sourceTree = "<group>"; };
		A9CA20D624444CD400BA914C /* plantcare-mobileTests.xctest */ = {isa = PBXFileReference; explicitFileType = wrapper.cfbundle; includeInIndex = 0; path = "plantcare-mobileTests.xctest"; sourceTree = BUILT_PRODUCTS_DIR; };
		A9CA20DA24444CD400BA914C /* plantcare_mobileTests.swift */ = {isa = PBXFileReference; lastKnownFileType = sourcecode.swift; path = plantcare_mobileTests.swift; sourceTree = "<group>"; };
		A9CA20DC24444CD400BA914C /* Info.plist */ = {isa = PBXFileReference; lastKnownFileType = text.plist.xml; path = Info.plist; sourceTree = "<group>"; };
		A9CA20E7244450AC00BA914C /* MainTabView.swift */ = {isa = PBXFileReference; lastKnownFileType = sourcecode.swift; path = MainTabView.swift; sourceTree = "<group>"; };
		A9CA20EB2444570E00BA914C /* PlantListView.swift */ = {isa = PBXFileReference; lastKnownFileType = sourcecode.swift; path = PlantListView.swift; sourceTree = "<group>"; };
		A9CA20ED244457E500BA914C /* Plant.swift */ = {isa = PBXFileReference; lastKnownFileType = sourcecode.swift; path = Plant.swift; sourceTree = "<group>"; };
		A9CA20EF24445D1D00BA914C /* PlantCellView.swift */ = {isa = PBXFileReference; lastKnownFileType = sourcecode.swift; path = PlantCellView.swift; sourceTree = "<group>"; };
		A9CA20F124445DED00BA914C /* PlantDetailView.swift */ = {isa = PBXFileReference; lastKnownFileType = sourcecode.swift; path = PlantDetailView.swift; sourceTree = "<group>"; };
		A9CA20F324445F6800BA914C /* CircleImage.swift */ = {isa = PBXFileReference; lastKnownFileType = sourcecode.swift; path = CircleImage.swift; sourceTree = "<group>"; };
		A9CA20F824449C0E00BA914C /* PlantBoxListView.swift */ = {isa = PBXFileReference; lastKnownFileType = sourcecode.swift; path = PlantBoxListView.swift; sourceTree = "<group>"; };
		A9CA20FB2444B6FF00BA914C /* PlantListViewModel.swift */ = {isa = PBXFileReference; lastKnownFileType = sourcecode.swift; path = PlantListViewModel.swift; sourceTree = "<group>"; };
		A9CA20FD2444B99F00BA914C /* PlantViewModel.swift */ = {isa = PBXFileReference; lastKnownFileType = sourcecode.swift; path = PlantViewModel.swift; sourceTree = "<group>"; };
		A9CA21002444BB1600BA914C /* ImageExtension.swift */ = {isa = PBXFileReference; lastKnownFileType = sourcecode.swift; path = ImageExtension.swift; sourceTree = "<group>"; };
		A9CA21022444C20D00BA914C /* ProfileView.swift */ = {isa = PBXFileReference; lastKnownFileType = sourcecode.swift; path = ProfileView.swift; sourceTree = "<group>"; };
		A9CA21042444C50700BA914C /* LoginView.swift */ = {isa = PBXFileReference; lastKnownFileType = sourcecode.swift; path = LoginView.swift; sourceTree = "<group>"; };
		A9CA21062444C89C00BA914C /* SearchBar.swift */ = {isa = PBXFileReference; lastKnownFileType = sourcecode.swift; path = SearchBar.swift; sourceTree = "<group>"; };
		A9CA21092444F42500BA914C /* ActivityIndicator.swift */ = {isa = PBXFileReference; lastKnownFileType = sourcecode.swift; path = ActivityIndicator.swift; sourceTree = "<group>"; };
		A9D2693C2452BB7F00F169DF /* ReadClient.swift */ = {isa = PBXFileReference; lastKnownFileType = sourcecode.swift; path = ReadClient.swift; sourceTree = "<group>"; };
		A9D269402452C1BB00F169DF /* ReadWriteClient.swift */ = {isa = PBXFileReference; lastKnownFileType = sourcecode.swift; path = ReadWriteClient.swift; sourceTree = "<group>"; };
		A9D269422452C4B600F169DF /* PlantClient.swift */ = {isa = PBXFileReference; lastKnownFileType = sourcecode.swift; path = PlantClient.swift; sourceTree = "<group>"; };
		A9D269442452C5B100F169DF /* UserClient.swift */ = {isa = PBXFileReference; lastKnownFileType = sourcecode.swift; path = UserClient.swift; sourceTree = "<group>"; };
		A9D269462452C5EF00F169DF /* PlantBoxClient.swift */ = {isa = PBXFileReference; lastKnownFileType = sourcecode.swift; path = PlantBoxClient.swift; sourceTree = "<group>"; };
		A9D269482452C69400F169DF /* WebError.swift */ = {isa = PBXFileReference; lastKnownFileType = sourcecode.swift; path = WebError.swift; sourceTree = "<group>"; };
		A9D2694A2452C7AD00F169DF /* WebClient.swift */ = {isa = PBXFileReference; lastKnownFileType = sourcecode.swift; path = WebClient.swift; sourceTree = "<group>"; };
		A9D2694C2452DD6D00F169DF /* SensorClient.swift */ = {isa = PBXFileReference; lastKnownFileType = sourcecode.swift; path = SensorClient.swift; sourceTree = "<group>"; };
		A9F1DBD3244B42AF00CD015C /* AddPlantCellView.swift */ = {isa = PBXFileReference; lastKnownFileType = sourcecode.swift; path = AddPlantCellView.swift; sourceTree = "<group>"; };
		A9F1DBD5244B67F700CD015C /* HalfModalView.swift */ = {isa = PBXFileReference; lastKnownFileType = sourcecode.swift; path = HalfModalView.swift; sourceTree = "<group>"; };
		A9F1DBD7244B77DE00CD015C /* ColorExtension.swift */ = {isa = PBXFileReference; lastKnownFileType = sourcecode.swift; path = ColorExtension.swift; sourceTree = "<group>"; };
		A9F1DBD9244C1DE200CD015C /* TitledTextField.swift */ = {isa = PBXFileReference; lastKnownFileType = sourcecode.swift; path = TitledTextField.swift; sourceTree = "<group>"; };
		A9FCE1772450618900EB1325 /* LineChart.swift */ = {isa = PBXFileReference; lastKnownFileType = sourcecode.swift; path = LineChart.swift; sourceTree = "<group>"; };
		ACBCE0B1EFF0EB622C0BB74B /* Pods_plantcare_mobile.framework */ = {isa = PBXFileReference; explicitFileType = wrapper.framework; includeInIndex = 0; path = Pods_plantcare_mobile.framework; sourceTree = BUILT_PRODUCTS_DIR; };
		EE8FA3E15F1F42AD16F48D02 /* Pods-plantcare-mobile.debug.xcconfig */ = {isa = PBXFileReference; includeInIndex = 1; lastKnownFileType = text.xcconfig; name = "Pods-plantcare-mobile.debug.xcconfig"; path = "Target Support Files/Pods-plantcare-mobile/Pods-plantcare-mobile.debug.xcconfig"; sourceTree = "<group>"; };
/* End PBXFileReference section */

/* Begin PBXFrameworksBuildPhase section */
		A9CA20BD24444CD300BA914C /* Frameworks */ = {
			isa = PBXFrameworksBuildPhase;
			buildActionMask = 2147483647;
			files = (
				393844E25A25DB06823343AE /* Pods_plantcare_mobile.framework in Frameworks */,
			);
			runOnlyForDeploymentPostprocessing = 0;
		};
		A9CA20D324444CD400BA914C /* Frameworks */ = {
			isa = PBXFrameworksBuildPhase;
			buildActionMask = 2147483647;
			files = (
				4E86DDB976F9971CA9EF65C8 /* Pods_plantcare_mobileTests.framework in Frameworks */,
			);
			runOnlyForDeploymentPostprocessing = 0;
		};
/* End PBXFrameworksBuildPhase section */

/* Begin PBXGroup section */
		608D6B445C9EFD71F713E5CE /* Frameworks */ = {
			isa = PBXGroup;
			children = (
				ACBCE0B1EFF0EB622C0BB74B /* Pods_plantcare_mobile.framework */,
				268845DD97F05CB676077A0D /* Pods_plantcare_mobileTests.framework */,
			);
			name = Frameworks;
			sourceTree = "<group>";
		};
		A95734442459A88A00062F82 /* Mock Data */ = {
			isa = PBXGroup;
			children = (
				A9C72E58245B0C00002B340D /* MockData.swift */,
			);
			path = "Mock Data";
			sourceTree = "<group>";
		};
		A957344B245B052B00062F82 /* Animations */ = {
			isa = PBXGroup;
			children = (
				A957344C245B054600062F82 /* Shake.swift */,
				A957344E245B055300062F82 /* CustomActivityIndicator.swift */,
			);
			path = Animations;
			sourceTree = "<group>";
		};
		A98AD6F72445A74300FE0051 /* Profile Tab */ = {
			isa = PBXGroup;
			children = (
				A9CA21022444C20D00BA914C /* ProfileView.swift */,
				A98AD6F32445A71700FE0051 /* EditableProfile.swift */,
				A98AD6F52445A73A00FE0051 /* NonEditableProfile.swift */,
				A9361A592445ABB300C39E3E /* ProfilePicture.swift */,
			);
			path = "Profile Tab";
			sourceTree = "<group>";
		};
		A9A37A8B2446E1370057FDB2 /* Plant Box Tab */ = {
			isa = PBXGroup;
			children = (
				A925A57D244AE1A000BD3E00 /* UneditablePlantBoxView.swift */,
				A9CA20F824449C0E00BA914C /* PlantBoxListView.swift */,
				A9A37A982447025E0057FDB2 /* PlantBoxCellView.swift */,
				A9A37A9A244709090057FDB2 /* PlantBoxDetailView.swift */,
				A9B51B602449D6E400DB0B67 /* MeasurementView.swift */,
				A925A57B244AE02200BD3E00 /* EditablePlantBoxView.swift */,
				A9F1DBD3244B42AF00CD015C /* AddPlantCellView.swift */,
				A9AD83AF2454660C00A1442F /* AllMeasurementsView.swift */,
			);
			path = "Plant Box Tab";
			sourceTree = "<group>";
		};
		A9AD83A824541EBC00A1442F /* Client */ = {
			isa = PBXGroup;
			children = (
				A9AD83A924541EC900A1442F /* SensorClientTest.swift */,
			);
			path = Client;
			sourceTree = "<group>";
		};
		A9AD83B1245467B400A1442F /* rest */ = {
			isa = PBXGroup;
			children = (
				A9D2693C2452BB7F00F169DF /* ReadClient.swift */,
				A9D269402452C1BB00F169DF /* ReadWriteClient.swift */,
				A9D269422452C4B600F169DF /* PlantClient.swift */,
				A9D269442452C5B100F169DF /* UserClient.swift */,
				A9D269462452C5EF00F169DF /* PlantBoxClient.swift */,
				A9D269482452C69400F169DF /* WebError.swift */,
				A9D2694A2452C7AD00F169DF /* WebClient.swift */,
			);
			path = rest;
			sourceTree = "<group>";
		};
		A9AD83B2245467CD00A1442F /* sse */ = {
			isa = PBXGroup;
			children = (
				A9D2694C2452DD6D00F169DF /* SensorClient.swift */,
				A9AD83AD2454614000A1442F /* MeasurementClient.swift */,
				A9AD83B3245467E600A1442F /* LatestDataSensorClient.swift */,
			);
			path = sse;
			sourceTree = "<group>";
		};
		A9CA20B724444CD300BA914C = {
			isa = PBXGroup;
			children = (
				A9CA20C224444CD300BA914C /* plantcare-mobile */,
				A9CA20D924444CD400BA914C /* plantcare-mobileTests */,
				A9CA20C124444CD300BA914C /* Products */,
				F66D295174673CB7CE7DD6CF /* Pods */,
				608D6B445C9EFD71F713E5CE /* Frameworks */,
			);
			sourceTree = "<group>";
		};
		A9CA20C124444CD300BA914C /* Products */ = {
			isa = PBXGroup;
			children = (
				A9CA20C024444CD300BA914C /* plantcare-mobile.app */,
				A9CA20D624444CD400BA914C /* plantcare-mobileTests.xctest */,
			);
			name = Products;
			sourceTree = "<group>";
		};
		A9CA20C224444CD300BA914C /* plantcare-mobile */ = {
			isa = PBXGroup;
			children = (
				A95734442459A88A00062F82 /* Mock Data */,
				A9CA20FF2444BB0300BA914C /* Extension */,
				A9CA20FA2444B69700BA914C /* View Model */,
				A9D2693B2452BB5D00F169DF /* Client */,
				A9CA20E62444508C00BA914C /* View */,
				A9CA20E524444CDC00BA914C /* model */,
				A9CA20C324444CD300BA914C /* AppDelegate.swift */,
				A9CA20C524444CD300BA914C /* SceneDelegate.swift */,
				A9CA20C924444CD400BA914C /* Assets.xcassets */,
				A9CA20CE24444CD400BA914C /* LaunchScreen.storyboard */,
				A9CA20D124444CD400BA914C /* Info.plist */,
				A9CA20CB24444CD400BA914C /* Preview Content */,
			);
			path = "plantcare-mobile";
			sourceTree = "<group>";
		};
		A9CA20CB24444CD400BA914C /* Preview Content */ = {
			isa = PBXGroup;
			children = (
				A9CA20CC24444CD400BA914C /* Preview Assets.xcassets */,
			);
			path = "Preview Content";
			sourceTree = "<group>";
		};
		A9CA20D924444CD400BA914C /* plantcare-mobileTests */ = {
			isa = PBXGroup;
			children = (
				A9AD83A824541EBC00A1442F /* Client */,
				A9CA20DA24444CD400BA914C /* plantcare_mobileTests.swift */,
				A9CA20DC24444CD400BA914C /* Info.plist */,
			);
			path = "plantcare-mobileTests";
			sourceTree = "<group>";
		};
		A9CA20E524444CDC00BA914C /* model */ = {
			isa = PBXGroup;
			children = (
				A9CA20ED244457E500BA914C /* Plant.swift */,
				A98AD6EF24458F0100FE0051 /* User.swift */,
				A9A37A8C2446F4010057FDB2 /* PlantBox.swift */,
				A9A37A8E2446F4620057FDB2 /* Sensor.swift */,
				A99467162450837C00F4506F /* SensorValue.swift */,
				A9AD83B52454826E00A1442F /* AllSensorValue.swift */,
			);
			path = model;
			sourceTree = "<group>";
		};
		A9CA20E62444508C00BA914C /* View */ = {
			isa = PBXGroup;
			children = (
				A957344B245B052B00062F82 /* Animations */,
				A9A37A8B2446E1370057FDB2 /* Plant Box Tab */,
				A98AD6F72445A74300FE0051 /* Profile Tab */,
				A9CA210B2444F52400BA914C /* Plant Tab */,
				A9CA21082444F3E300BA914C /* Custom Views */,
				A9CA20E7244450AC00BA914C /* MainTabView.swift */,
				A9CA21042444C50700BA914C /* LoginView.swift */,
			);
			path = View;
			sourceTree = "<group>";
		};
		A9CA20FA2444B69700BA914C /* View Model */ = {
			isa = PBXGroup;
			children = (
				A9CA20FB2444B6FF00BA914C /* PlantListViewModel.swift */,
				A9CA20FD2444B99F00BA914C /* PlantViewModel.swift */,
				A98AD6F12445912600FE0051 /* UserViewModel.swift */,
				A9A37A942446FAD30057FDB2 /* PlantBoxListViewModel.swift */,
				A9A37A962446FC520057FDB2 /* PlantBoxViewModel.swift */,
				A9AD83AB245422E400A1442F /* SensorViewModel.swift */,
				A9573449245AC69000062F82 /* LoginViewRouter.swift */,
				A9C72E5A245BF74D002B340D /* SensorSelection.swift */,
			);
			path = "View Model";
			sourceTree = "<group>";
		};
		A9CA20FF2444BB0300BA914C /* Extension */ = {
			isa = PBXGroup;
			children = (
				A9CA21002444BB1600BA914C /* ImageExtension.swift */,
				A9004A992447359E00FD25A4 /* UIApplicationExtension.swift */,
				A9F1DBD7244B77DE00CD015C /* ColorExtension.swift */,
			);
			path = Extension;
			sourceTree = "<group>";
		};
		A9CA21082444F3E300BA914C /* Custom Views */ = {
			isa = PBXGroup;
			children = (
				A9F1DBD9244C1DE200CD015C /* TitledTextField.swift */,
				A9CA21062444C89C00BA914C /* SearchBar.swift */,
				A9CA21092444F42500BA914C /* ActivityIndicator.swift */,
				A9361A5D2445E09F00C39E3E /* ImagePicker.swift */,
				A90599792448736A006F2F09 /* MapView.swift */,
				A9F1DBD5244B67F700CD015C /* HalfModalView.swift */,
				A9FCE1772450618900EB1325 /* LineChart.swift */,
			);
			path = "Custom Views";
			sourceTree = "<group>";
		};
		A9CA210B2444F52400BA914C /* Plant Tab */ = {
			isa = PBXGroup;
			children = (
				A9CA20EB2444570E00BA914C /* PlantListView.swift */,
				A9CA20EF24445D1D00BA914C /* PlantCellView.swift */,
				A9CA20F124445DED00BA914C /* PlantDetailView.swift */,
				A9CA20F324445F6800BA914C /* CircleImage.swift */,
			);
			path = "Plant Tab";
			sourceTree = "<group>";
		};
		A9D2693B2452BB5D00F169DF /* Client */ = {
			isa = PBXGroup;
			children = (
				A9AD83B2245467CD00A1442F /* sse */,
				A9AD83B1245467B400A1442F /* rest */,
			);
			path = Client;
			sourceTree = "<group>";
		};
		F66D295174673CB7CE7DD6CF /* Pods */ = {
			isa = PBXGroup;
			children = (
				EE8FA3E15F1F42AD16F48D02 /* Pods-plantcare-mobile.debug.xcconfig */,
				0B66FAA20F087092F865C744 /* Pods-plantcare-mobile.release.xcconfig */,
				011F95906B615EA2396A30CF /* Pods-plantcare-mobileTests.debug.xcconfig */,
				94F048CC2739ADA6804F087F /* Pods-plantcare-mobileTests.release.xcconfig */,
			);
			path = Pods;
			sourceTree = "<group>";
		};
/* End PBXGroup section */

/* Begin PBXNativeTarget section */
		A9CA20BF24444CD300BA914C /* plantcare-mobile */ = {
			isa = PBXNativeTarget;
			buildConfigurationList = A9CA20DF24444CD400BA914C /* Build configuration list for PBXNativeTarget "plantcare-mobile" */;
			buildPhases = (
				EF158BE9088EE9DC708C29D0 /* [CP] Check Pods Manifest.lock */,
				A9CA20BC24444CD300BA914C /* Sources */,
				A9CA20BD24444CD300BA914C /* Frameworks */,
				A9CA20BE24444CD300BA914C /* Resources */,
				5B7A19FF0B6DA7C87F0956E7 /* [CP] Embed Pods Frameworks */,
			);
			buildRules = (
			);
			dependencies = (
			);
			name = "plantcare-mobile";
			productName = "plantcare-mobile";
			productReference = A9CA20C024444CD300BA914C /* plantcare-mobile.app */;
			productType = "com.apple.product-type.application";
		};
		A9CA20D524444CD400BA914C /* plantcare-mobileTests */ = {
			isa = PBXNativeTarget;
			buildConfigurationList = A9CA20E224444CD400BA914C /* Build configuration list for PBXNativeTarget "plantcare-mobileTests" */;
			buildPhases = (
				EA6FB3AAB6A98653B301314E /* [CP] Check Pods Manifest.lock */,
				A9CA20D224444CD400BA914C /* Sources */,
				A9CA20D324444CD400BA914C /* Frameworks */,
				A9CA20D424444CD400BA914C /* Resources */,
			);
			buildRules = (
			);
			dependencies = (
				A9CA20D824444CD400BA914C /* PBXTargetDependency */,
			);
			name = "plantcare-mobileTests";
			productName = "plantcare-mobileTests";
			productReference = A9CA20D624444CD400BA914C /* plantcare-mobileTests.xctest */;
			productType = "com.apple.product-type.bundle.unit-test";
		};
/* End PBXNativeTarget section */

/* Begin PBXProject section */
		A9CA20B824444CD300BA914C /* Project object */ = {
			isa = PBXProject;
			attributes = {
				LastSwiftUpdateCheck = 1140;
				LastUpgradeCheck = 1140;
				ORGANIZATIONNAME = "Tobias Furtlehner";
				TargetAttributes = {
					A9CA20BF24444CD300BA914C = {
						CreatedOnToolsVersion = 11.4;
					};
					A9CA20D524444CD400BA914C = {
						CreatedOnToolsVersion = 11.4;
						TestTargetID = A9CA20BF24444CD300BA914C;
					};
				};
			};
			buildConfigurationList = A9CA20BB24444CD300BA914C /* Build configuration list for PBXProject "plantcare-mobile" */;
			compatibilityVersion = "Xcode 9.3";
			developmentRegion = en;
			hasScannedForEncodings = 0;
			knownRegions = (
				en,
				Base,
			);
			mainGroup = A9CA20B724444CD300BA914C;
			productRefGroup = A9CA20C124444CD300BA914C /* Products */;
			projectDirPath = "";
			projectRoot = "";
			targets = (
				A9CA20BF24444CD300BA914C /* plantcare-mobile */,
				A9CA20D524444CD400BA914C /* plantcare-mobileTests */,
			);
		};
/* End PBXProject section */

/* Begin PBXResourcesBuildPhase section */
		A9CA20BE24444CD300BA914C /* Resources */ = {
			isa = PBXResourcesBuildPhase;
			buildActionMask = 2147483647;
			files = (
				A9CA20D024444CD400BA914C /* LaunchScreen.storyboard in Resources */,
				A9CA20CD24444CD400BA914C /* Preview Assets.xcassets in Resources */,
				A9CA20CA24444CD400BA914C /* Assets.xcassets in Resources */,
			);
			runOnlyForDeploymentPostprocessing = 0;
		};
		A9CA20D424444CD400BA914C /* Resources */ = {
			isa = PBXResourcesBuildPhase;
			buildActionMask = 2147483647;
			files = (
			);
			runOnlyForDeploymentPostprocessing = 0;
		};
/* End PBXResourcesBuildPhase section */

/* Begin PBXShellScriptBuildPhase section */
		5B7A19FF0B6DA7C87F0956E7 /* [CP] Embed Pods Frameworks */ = {
			isa = PBXShellScriptBuildPhase;
			buildActionMask = 2147483647;
			files = (
			);
			inputFileListPaths = (
				"${PODS_ROOT}/Target Support Files/Pods-plantcare-mobile/Pods-plantcare-mobile-frameworks-${CONFIGURATION}-input-files.xcfilelist",
			);
			name = "[CP] Embed Pods Frameworks";
			outputFileListPaths = (
				"${PODS_ROOT}/Target Support Files/Pods-plantcare-mobile/Pods-plantcare-mobile-frameworks-${CONFIGURATION}-output-files.xcfilelist",
			);
			runOnlyForDeploymentPostprocessing = 0;
			shellPath = /bin/sh;
			shellScript = "\"${PODS_ROOT}/Target Support Files/Pods-plantcare-mobile/Pods-plantcare-mobile-frameworks.sh\"\n";
			showEnvVarsInLog = 0;
		};
		EA6FB3AAB6A98653B301314E /* [CP] Check Pods Manifest.lock */ = {
			isa = PBXShellScriptBuildPhase;
			buildActionMask = 2147483647;
			files = (
			);
			inputFileListPaths = (
			);
			inputPaths = (
				"${PODS_PODFILE_DIR_PATH}/Podfile.lock",
				"${PODS_ROOT}/Manifest.lock",
			);
			name = "[CP] Check Pods Manifest.lock";
			outputFileListPaths = (
			);
			outputPaths = (
				"$(DERIVED_FILE_DIR)/Pods-plantcare-mobileTests-checkManifestLockResult.txt",
			);
			runOnlyForDeploymentPostprocessing = 0;
			shellPath = /bin/sh;
			shellScript = "diff \"${PODS_PODFILE_DIR_PATH}/Podfile.lock\" \"${PODS_ROOT}/Manifest.lock\" > /dev/null\nif [ $? != 0 ] ; then\n    # print error to STDERR\n    echo \"error: The sandbox is not in sync with the Podfile.lock. Run 'pod install' or update your CocoaPods installation.\" >&2\n    exit 1\nfi\n# This output is used by Xcode 'outputs' to avoid re-running this script phase.\necho \"SUCCESS\" > \"${SCRIPT_OUTPUT_FILE_0}\"\n";
			showEnvVarsInLog = 0;
		};
		EF158BE9088EE9DC708C29D0 /* [CP] Check Pods Manifest.lock */ = {
			isa = PBXShellScriptBuildPhase;
			buildActionMask = 2147483647;
			files = (
			);
			inputFileListPaths = (
			);
			inputPaths = (
				"${PODS_PODFILE_DIR_PATH}/Podfile.lock",
				"${PODS_ROOT}/Manifest.lock",
			);
			name = "[CP] Check Pods Manifest.lock";
			outputFileListPaths = (
			);
			outputPaths = (
				"$(DERIVED_FILE_DIR)/Pods-plantcare-mobile-checkManifestLockResult.txt",
			);
			runOnlyForDeploymentPostprocessing = 0;
			shellPath = /bin/sh;
			shellScript = "diff \"${PODS_PODFILE_DIR_PATH}/Podfile.lock\" \"${PODS_ROOT}/Manifest.lock\" > /dev/null\nif [ $? != 0 ] ; then\n    # print error to STDERR\n    echo \"error: The sandbox is not in sync with the Podfile.lock. Run 'pod install' or update your CocoaPods installation.\" >&2\n    exit 1\nfi\n# This output is used by Xcode 'outputs' to avoid re-running this script phase.\necho \"SUCCESS\" > \"${SCRIPT_OUTPUT_FILE_0}\"\n";
			showEnvVarsInLog = 0;
		};
/* End PBXShellScriptBuildPhase section */

/* Begin PBXSourcesBuildPhase section */
		A9CA20BC24444CD300BA914C /* Sources */ = {
			isa = PBXSourcesBuildPhase;
			buildActionMask = 2147483647;
			files = (
				A9C72E5B245BF74D002B340D /* SensorSelection.swift in Sources */,
				A9CA20F024445D1D00BA914C /* PlantCellView.swift in Sources */,
				A9CA20C424444CD300BA914C /* AppDelegate.swift in Sources */,
				A9AD83B02454660C00A1442F /* AllMeasurementsView.swift in Sources */,
				A9CA20C624444CD300BA914C /* SceneDelegate.swift in Sources */,
				A9CA21052444C50700BA914C /* LoginView.swift in Sources */,
				A9004A9A2447359E00FD25A4 /* UIApplicationExtension.swift in Sources */,
				A98AD6F42445A71700FE0051 /* EditableProfile.swift in Sources */,
				A9AD83B4245467E600A1442F /* LatestDataSensorClient.swift in Sources */,
				A9D2694D2452DD6D00F169DF /* SensorClient.swift in Sources */,
				A9AD83AE2454614000A1442F /* MeasurementClient.swift in Sources */,
				A905997A2448736A006F2F09 /* MapView.swift in Sources */,
				A99467172450837C00F4506F /* SensorValue.swift in Sources */,
				A9CA20EC2444570E00BA914C /* PlantListView.swift in Sources */,
				A9A37A9B244709090057FDB2 /* PlantBoxDetailView.swift in Sources */,
				A9D269452452C5B100F169DF /* UserClient.swift in Sources */,
				A9A37A952446FAD30057FDB2 /* PlantBoxListViewModel.swift in Sources */,
				A98AD6F62445A73A00FE0051 /* NonEditableProfile.swift in Sources */,
				A9CA21072444C89C00BA914C /* SearchBar.swift in Sources */,
				A9D269412452C1BB00F169DF /* ReadWriteClient.swift in Sources */,
				A9CA20F224445DED00BA914C /* PlantDetailView.swift in Sources */,
				A957344D245B054600062F82 /* Shake.swift in Sources */,
				A9AD83AC245422E400A1442F /* SensorViewModel.swift in Sources */,
				A9CA20F924449C0E00BA914C /* PlantBoxListView.swift in Sources */,
				A9CA20E8244450AC00BA914C /* MainTabView.swift in Sources */,
				A957344F245B055300062F82 /* CustomActivityIndicator.swift in Sources */,
				A9F1DBD8244B77DE00CD015C /* ColorExtension.swift in Sources */,
				A9F1DBD6244B67F700CD015C /* HalfModalView.swift in Sources */,
				A925A57E244AE1A000BD3E00 /* UneditablePlantBoxView.swift in Sources */,
				A9D2694B2452C7AD00F169DF /* WebClient.swift in Sources */,
				A9CA20EE244457E500BA914C /* Plant.swift in Sources */,
				A9361A5A2445ABB300C39E3E /* ProfilePicture.swift in Sources */,
				A9D269472452C5EF00F169DF /* PlantBoxClient.swift in Sources */,
				A9D2693D2452BB7F00F169DF /* ReadClient.swift in Sources */,
				A9FCE1782450618900EB1325 /* LineChart.swift in Sources */,
				A9A37A8F2446F4620057FDB2 /* Sensor.swift in Sources */,
				A9CA21012444BB1600BA914C /* ImageExtension.swift in Sources */,
				A957344A245AC69000062F82 /* LoginViewRouter.swift in Sources */,
				A9A37A972446FC520057FDB2 /* PlantBoxViewModel.swift in Sources */,
				A98AD6F22445912600FE0051 /* UserViewModel.swift in Sources */,
				A9CA20FE2444B99F00BA914C /* PlantViewModel.swift in Sources */,
				A9CA20FC2444B6FF00BA914C /* PlantListViewModel.swift in Sources */,
				A9CA21032444C20D00BA914C /* ProfileView.swift in Sources */,
				A9F1DBDA244C1DE200CD015C /* TitledTextField.swift in Sources */,
				A9D269492452C69400F169DF /* WebError.swift in Sources */,
				A9CA20F424445F6800BA914C /* CircleImage.swift in Sources */,
				A9C72E59245B0C00002B340D /* MockData.swift in Sources */,
				A9A37A992447025E0057FDB2 /* PlantBoxCellView.swift in Sources */,
				A9361A5E2445E09F00C39E3E /* ImagePicker.swift in Sources */,
				A9D269432452C4B600F169DF /* PlantClient.swift in Sources */,
				A9F1DBD4244B42AF00CD015C /* AddPlantCellView.swift in Sources */,
				A9CA210A2444F42500BA914C /* ActivityIndicator.swift in Sources */,
				A98AD6F024458F0100FE0051 /* User.swift in Sources */,
				A9B51B612449D6E400DB0B67 /* MeasurementView.swift in Sources */,
				A925A57C244AE02200BD3E00 /* EditablePlantBoxView.swift in Sources */,
				A9A37A8D2446F4010057FDB2 /* PlantBox.swift in Sources */,
				A9AD83B62454826E00A1442F /* AllSensorValue.swift in Sources */,
			);
			runOnlyForDeploymentPostprocessing = 0;
		};
		A9CA20D224444CD400BA914C /* Sources */ = {
			isa = PBXSourcesBuildPhase;
			buildActionMask = 2147483647;
			files = (
				A9AD83AA24541EC900A1442F /* SensorClientTest.swift in Sources */,
				A9CA20DB24444CD400BA914C /* plantcare_mobileTests.swift in Sources */,
			);
			runOnlyForDeploymentPostprocessing = 0;
		};
/* End PBXSourcesBuildPhase section */

/* Begin PBXTargetDependency section */
		A9CA20D824444CD400BA914C /* PBXTargetDependency */ = {
			isa = PBXTargetDependency;
			target = A9CA20BF24444CD300BA914C /* plantcare-mobile */;
			targetProxy = A9CA20D724444CD400BA914C /* PBXContainerItemProxy */;
		};
/* End PBXTargetDependency section */

/* Begin PBXVariantGroup section */
		A9CA20CE24444CD400BA914C /* LaunchScreen.storyboard */ = {
			isa = PBXVariantGroup;
			children = (
				A9CA20CF24444CD400BA914C /* Base */,
			);
			name = LaunchScreen.storyboard;
			sourceTree = "<group>";
		};
/* End PBXVariantGroup section */

/* Begin XCBuildConfiguration section */
		A9CA20DD24444CD400BA914C /* Debug */ = {
			isa = XCBuildConfiguration;
			buildSettings = {
				ALWAYS_SEARCH_USER_PATHS = NO;
				CLANG_ANALYZER_NONNULL = YES;
				CLANG_ANALYZER_NUMBER_OBJECT_CONVERSION = YES_AGGRESSIVE;
				CLANG_CXX_LANGUAGE_STANDARD = "gnu++14";
				CLANG_CXX_LIBRARY = "libc++";
				CLANG_ENABLE_MODULES = YES;
				CLANG_ENABLE_OBJC_ARC = YES;
				CLANG_ENABLE_OBJC_WEAK = YES;
				CLANG_WARN_BLOCK_CAPTURE_AUTORELEASING = YES;
				CLANG_WARN_BOOL_CONVERSION = YES;
				CLANG_WARN_COMMA = YES;
				CLANG_WARN_CONSTANT_CONVERSION = YES;
				CLANG_WARN_DEPRECATED_OBJC_IMPLEMENTATIONS = YES;
				CLANG_WARN_DIRECT_OBJC_ISA_USAGE = YES_ERROR;
				CLANG_WARN_DOCUMENTATION_COMMENTS = YES;
				CLANG_WARN_EMPTY_BODY = YES;
				CLANG_WARN_ENUM_CONVERSION = YES;
				CLANG_WARN_INFINITE_RECURSION = YES;
				CLANG_WARN_INT_CONVERSION = YES;
				CLANG_WARN_NON_LITERAL_NULL_CONVERSION = YES;
				CLANG_WARN_OBJC_IMPLICIT_RETAIN_SELF = YES;
				CLANG_WARN_OBJC_LITERAL_CONVERSION = YES;
				CLANG_WARN_OBJC_ROOT_CLASS = YES_ERROR;
				CLANG_WARN_RANGE_LOOP_ANALYSIS = YES;
				CLANG_WARN_STRICT_PROTOTYPES = YES;
				CLANG_WARN_SUSPICIOUS_MOVE = YES;
				CLANG_WARN_UNGUARDED_AVAILABILITY = YES_AGGRESSIVE;
				CLANG_WARN_UNREACHABLE_CODE = YES;
				CLANG_WARN__DUPLICATE_METHOD_MATCH = YES;
				COPY_PHASE_STRIP = NO;
				DEBUG_INFORMATION_FORMAT = dwarf;
				ENABLE_STRICT_OBJC_MSGSEND = YES;
				ENABLE_TESTABILITY = YES;
				GCC_C_LANGUAGE_STANDARD = gnu11;
				GCC_DYNAMIC_NO_PIC = NO;
				GCC_NO_COMMON_BLOCKS = YES;
				GCC_OPTIMIZATION_LEVEL = 0;
				GCC_PREPROCESSOR_DEFINITIONS = (
					"DEBUG=1",
					"$(inherited)",
				);
				GCC_WARN_64_TO_32_BIT_CONVERSION = YES;
				GCC_WARN_ABOUT_RETURN_TYPE = YES_ERROR;
				GCC_WARN_UNDECLARED_SELECTOR = YES;
				GCC_WARN_UNINITIALIZED_AUTOS = YES_AGGRESSIVE;
				GCC_WARN_UNUSED_FUNCTION = YES;
				GCC_WARN_UNUSED_VARIABLE = YES;
				IPHONEOS_DEPLOYMENT_TARGET = 13.4;
				MTL_ENABLE_DEBUG_INFO = INCLUDE_SOURCE;
				MTL_FAST_MATH = YES;
				ONLY_ACTIVE_ARCH = YES;
				SDKROOT = iphoneos;
				SWIFT_ACTIVE_COMPILATION_CONDITIONS = DEBUG;
				SWIFT_OPTIMIZATION_LEVEL = "-Onone";
			};
			name = Debug;
		};
		A9CA20DE24444CD400BA914C /* Release */ = {
			isa = XCBuildConfiguration;
			buildSettings = {
				ALWAYS_SEARCH_USER_PATHS = NO;
				CLANG_ANALYZER_NONNULL = YES;
				CLANG_ANALYZER_NUMBER_OBJECT_CONVERSION = YES_AGGRESSIVE;
				CLANG_CXX_LANGUAGE_STANDARD = "gnu++14";
				CLANG_CXX_LIBRARY = "libc++";
				CLANG_ENABLE_MODULES = YES;
				CLANG_ENABLE_OBJC_ARC = YES;
				CLANG_ENABLE_OBJC_WEAK = YES;
				CLANG_WARN_BLOCK_CAPTURE_AUTORELEASING = YES;
				CLANG_WARN_BOOL_CONVERSION = YES;
				CLANG_WARN_COMMA = YES;
				CLANG_WARN_CONSTANT_CONVERSION = YES;
				CLANG_WARN_DEPRECATED_OBJC_IMPLEMENTATIONS = YES;
				CLANG_WARN_DIRECT_OBJC_ISA_USAGE = YES_ERROR;
				CLANG_WARN_DOCUMENTATION_COMMENTS = YES;
				CLANG_WARN_EMPTY_BODY = YES;
				CLANG_WARN_ENUM_CONVERSION = YES;
				CLANG_WARN_INFINITE_RECURSION = YES;
				CLANG_WARN_INT_CONVERSION = YES;
				CLANG_WARN_NON_LITERAL_NULL_CONVERSION = YES;
				CLANG_WARN_OBJC_IMPLICIT_RETAIN_SELF = YES;
				CLANG_WARN_OBJC_LITERAL_CONVERSION = YES;
				CLANG_WARN_OBJC_ROOT_CLASS = YES_ERROR;
				CLANG_WARN_RANGE_LOOP_ANALYSIS = YES;
				CLANG_WARN_STRICT_PROTOTYPES = YES;
				CLANG_WARN_SUSPICIOUS_MOVE = YES;
				CLANG_WARN_UNGUARDED_AVAILABILITY = YES_AGGRESSIVE;
				CLANG_WARN_UNREACHABLE_CODE = YES;
				CLANG_WARN__DUPLICATE_METHOD_MATCH = YES;
				COPY_PHASE_STRIP = NO;
				DEBUG_INFORMATION_FORMAT = "dwarf-with-dsym";
				ENABLE_NS_ASSERTIONS = NO;
				ENABLE_STRICT_OBJC_MSGSEND = YES;
				GCC_C_LANGUAGE_STANDARD = gnu11;
				GCC_NO_COMMON_BLOCKS = YES;
				GCC_WARN_64_TO_32_BIT_CONVERSION = YES;
				GCC_WARN_ABOUT_RETURN_TYPE = YES_ERROR;
				GCC_WARN_UNDECLARED_SELECTOR = YES;
				GCC_WARN_UNINITIALIZED_AUTOS = YES_AGGRESSIVE;
				GCC_WARN_UNUSED_FUNCTION = YES;
				GCC_WARN_UNUSED_VARIABLE = YES;
				IPHONEOS_DEPLOYMENT_TARGET = 13.4;
				MTL_ENABLE_DEBUG_INFO = NO;
				MTL_FAST_MATH = YES;
				SDKROOT = iphoneos;
				SWIFT_COMPILATION_MODE = wholemodule;
				SWIFT_OPTIMIZATION_LEVEL = "-O";
				VALIDATE_PRODUCT = YES;
			};
			name = Release;
		};
		A9CA20E024444CD400BA914C /* Debug */ = {
			isa = XCBuildConfiguration;
			baseConfigurationReference = EE8FA3E15F1F42AD16F48D02 /* Pods-plantcare-mobile.debug.xcconfig */;
			buildSettings = {
				ASSETCATALOG_COMPILER_APPICON_NAME = AppIcon;
				CODE_SIGN_STYLE = Automatic;
				DEVELOPMENT_ASSET_PATHS = "\"plantcare-mobile/Preview Content\"";
				DEVELOPMENT_TEAM = KPQ6YQPJUM;
				ENABLE_PREVIEWS = YES;
				INFOPLIST_FILE = "plantcare-mobile/Info.plist";
				LD_RUNPATH_SEARCH_PATHS = (
					"$(inherited)",
					"@executable_path/Frameworks",
				);
				PRODUCT_BUNDLE_IDENTIFIER = "at.furtlehner.plantcare-mobile";
				PRODUCT_NAME = "$(TARGET_NAME)";
				SWIFT_VERSION = 5.0;
				TARGETED_DEVICE_FAMILY = "1,2";
			};
			name = Debug;
		};
		A9CA20E124444CD400BA914C /* Release */ = {
			isa = XCBuildConfiguration;
			baseConfigurationReference = 0B66FAA20F087092F865C744 /* Pods-plantcare-mobile.release.xcconfig */;
			buildSettings = {
				ASSETCATALOG_COMPILER_APPICON_NAME = AppIcon;
				CODE_SIGN_STYLE = Automatic;
				DEVELOPMENT_ASSET_PATHS = "\"plantcare-mobile/Preview Content\"";
				DEVELOPMENT_TEAM = KPQ6YQPJUM;
				ENABLE_PREVIEWS = YES;
				INFOPLIST_FILE = "plantcare-mobile/Info.plist";
				LD_RUNPATH_SEARCH_PATHS = (
					"$(inherited)",
					"@executable_path/Frameworks",
				);
				PRODUCT_BUNDLE_IDENTIFIER = "at.furtlehner.plantcare-mobile";
				PRODUCT_NAME = "$(TARGET_NAME)";
				SWIFT_VERSION = 5.0;
				TARGETED_DEVICE_FAMILY = "1,2";
			};
			name = Release;
		};
		A9CA20E324444CD400BA914C /* Debug */ = {
			isa = XCBuildConfiguration;
			baseConfigurationReference = 011F95906B615EA2396A30CF /* Pods-plantcare-mobileTests.debug.xcconfig */;
			buildSettings = {
				ALWAYS_EMBED_SWIFT_STANDARD_LIBRARIES = YES;
				BUNDLE_LOADER = "$(TEST_HOST)";
				CODE_SIGN_STYLE = Automatic;
				DEVELOPMENT_TEAM = KPQ6YQPJUM;
				INFOPLIST_FILE = "plantcare-mobileTests/Info.plist";
				IPHONEOS_DEPLOYMENT_TARGET = 13.4;
				LD_RUNPATH_SEARCH_PATHS = (
					"$(inherited)",
					"@executable_path/Frameworks",
					"@loader_path/Frameworks",
				);
				PRODUCT_BUNDLE_IDENTIFIER = "at.furtlehner.plantcare-mobileTests";
				PRODUCT_NAME = "$(TARGET_NAME)";
				SWIFT_VERSION = 5.0;
				TARGETED_DEVICE_FAMILY = "1,2";
				TEST_HOST = "$(BUILT_PRODUCTS_DIR)/plantcare-mobile.app/plantcare-mobile";
			};
			name = Debug;
		};
		A9CA20E424444CD400BA914C /* Release */ = {
			isa = XCBuildConfiguration;
			baseConfigurationReference = 94F048CC2739ADA6804F087F /* Pods-plantcare-mobileTests.release.xcconfig */;
			buildSettings = {
				ALWAYS_EMBED_SWIFT_STANDARD_LIBRARIES = YES;
				BUNDLE_LOADER = "$(TEST_HOST)";
				CODE_SIGN_STYLE = Automatic;
				DEVELOPMENT_TEAM = KPQ6YQPJUM;
				INFOPLIST_FILE = "plantcare-mobileTests/Info.plist";
				IPHONEOS_DEPLOYMENT_TARGET = 13.4;
				LD_RUNPATH_SEARCH_PATHS = (
					"$(inherited)",
					"@executable_path/Frameworks",
					"@loader_path/Frameworks",
				);
				PRODUCT_BUNDLE_IDENTIFIER = "at.furtlehner.plantcare-mobileTests";
				PRODUCT_NAME = "$(TARGET_NAME)";
				SWIFT_VERSION = 5.0;
				TARGETED_DEVICE_FAMILY = "1,2";
				TEST_HOST = "$(BUILT_PRODUCTS_DIR)/plantcare-mobile.app/plantcare-mobile";
			};
			name = Release;
		};
/* End XCBuildConfiguration section */

/* Begin XCConfigurationList section */
		A9CA20BB24444CD300BA914C /* Build configuration list for PBXProject "plantcare-mobile" */ = {
			isa = XCConfigurationList;
			buildConfigurations = (
				A9CA20DD24444CD400BA914C /* Debug */,
				A9CA20DE24444CD400BA914C /* Release */,
			);
			defaultConfigurationIsVisible = 0;
			defaultConfigurationName = Release;
		};
		A9CA20DF24444CD400BA914C /* Build configuration list for PBXNativeTarget "plantcare-mobile" */ = {
			isa = XCConfigurationList;
			buildConfigurations = (
				A9CA20E024444CD400BA914C /* Debug */,
				A9CA20E124444CD400BA914C /* Release */,
			);
			defaultConfigurationIsVisible = 0;
			defaultConfigurationName = Release;
		};
		A9CA20E224444CD400BA914C /* Build configuration list for PBXNativeTarget "plantcare-mobileTests" */ = {
			isa = XCConfigurationList;
			buildConfigurations = (
				A9CA20E324444CD400BA914C /* Debug */,
				A9CA20E424444CD400BA914C /* Release */,
			);
			defaultConfigurationIsVisible = 0;
			defaultConfigurationName = Release;
		};
/* End XCConfigurationList section */
	};
	rootObject = A9CA20B824444CD300BA914C /* Project object */;
}
